{
  "version": 4,
  "terraform_version": "0.13.5",
  "serial": 11,
  "lineage": "cbcc5b44-a635-ddd4-ccfa-63c943a091a7",
  "outputs": {},
  "resources": [
    {
      "module": "module.mssql_server",
      "mode": "managed",
      "type": "azurerm_sql_database",
      "name": "this",
      "provider": "module.mssql_server.provider[\"registry.terraform.io/hashicorp/azurerm\"]",
      "instances": [
        {
          "schema_version": 0,
          "attributes": {
            "collation": "SQL_LATIN1_GENERAL_CP1_CI_AS",
            "create_mode": "Default",
            "creation_date": "2021-04-13T21:58:07.17Z",
            "default_secondary_location": "West Europe",
            "edition": "Standard",
            "elastic_pool_name": "",
            "encryption": "",
            "id": "/subscriptions/a55ca141-ddaa-4e2c-bf12-078f532c1154/resourceGroups/mssql-mgnt-instance/providers/Microsoft.Sql/servers/mssqlserverprod/databases/prod1",
            "import": [],
            "location": "northeurope",
            "max_size_bytes": "268435456000",
            "name": "prod1",
            "read_scale": false,
            "requested_service_objective_id": "1b1ebd4d-d903-4baa-97f9-4ea675f5e928",
            "requested_service_objective_name": "S1",
            "resource_group_name": "mssql-mgnt-instance",
            "restore_point_in_time": null,
            "server_name": "mssqlserverprod",
            "source_database_deletion_date": null,
            "source_database_id": null,
            "tags": null,
            "threat_detection_policy": [
              {
                "disabled_alerts": [],
                "email_account_admins": "Disabled",
                "email_addresses": [],
                "retention_days": 0,
                "state": "Disabled",
                "storage_account_access_key": "",
                "storage_endpoint": "",
                "use_server_default": "Disabled"
              }
            ],
            "timeouts": null,
            "zone_redundant": false
          },
          "private": "eyJlMmJmYjczMC1lY2FhLTExZTYtOGY4OC0zNDM2M2JjN2M0YzAiOnsiY3JlYXRlIjozNjAwMDAwMDAwMDAwLCJkZWxldGUiOjM2MDAwMDAwMDAwMDAsInJlYWQiOjMwMDAwMDAwMDAwMCwidXBkYXRlIjozNjAwMDAwMDAwMDAwfX0=",
          "dependencies": [
            "module.mssql_server.azurerm_sql_server.this",
            "module.mssql_server.random_string.password"
          ]
        }
      ]
    },
    {
      "module": "module.mssql_server",
      "mode": "managed",
      "type": "azurerm_sql_server",
      "name": "this",
      "provider": "module.mssql_server.provider[\"registry.terraform.io/hashicorp/azurerm\"]",
      "instances": [
        {
          "schema_version": 0,
          "attributes": {
            "administrator_login": "idrugalea",
            "administrator_login_password": "HA9ECCzh/gMOdHFpvOInceEIJPJqZc7j",
            "fully_qualified_domain_name": "mssqlserverprod.database.windows.net",
            "id": "/subscriptions/a55ca141-ddaa-4e2c-bf12-078f532c1154/resourceGroups/mssql-mgnt-instance/providers/Microsoft.Sql/servers/mssqlserverprod",
            "identity": [],
            "location": "northeurope",
            "name": "mssqlserverprod",
            "resource_group_name": "mssql-mgnt-instance",
            "tags": {
              "environment": "production"
            },
            "timeouts": null,
            "version": "12.0"
          },
          "private": "eyJlMmJmYjczMC1lY2FhLTExZTYtOGY4OC0zNDM2M2JjN2M0YzAiOnsiY3JlYXRlIjozNjAwMDAwMDAwMDAwLCJkZWxldGUiOjM2MDAwMDAwMDAwMDAsInJlYWQiOjMwMDAwMDAwMDAwMCwidXBkYXRlIjozNjAwMDAwMDAwMDAwfX0=",
          "dependencies": [
            "module.mssql_server.random_string.password"
          ]
        }
      ]
    },
    {
      "module": "module.mssql_server",
      "mode": "managed",
      "type": "random_string",
      "name": "password",
      "provider": "provider[\"registry.terraform.io/hashicorp/random\"]",
      "instances": [
        {
          "schema_version": 1,
          "attributes": {
            "id": "HA9ECCzh/gMOdHFpvOInceEIJPJqZc7j",
            "keepers": null,
            "length": 32,
            "lower": true,
            "min_lower": 0,
            "min_numeric": 0,
            "min_special": 0,
            "min_upper": 0,
            "number": true,
            "override_special": "/@\" ",
            "result": "HA9ECCzh/gMOdHFpvOInceEIJPJqZc7j",
            "special": true,
            "upper": true
          },
          "private": "eyJzY2hlbWFfdmVyc2lvbiI6IjEifQ=="
        }
      ]
    }
  ]
}
